// !$*UTF8*$!
{
	archiveVersion = 1;
	classes = {
	};
	objectVersion = 46;
	objects = {

/* Begin PBXBuildFile section */
		BD87175E1BD724DB00A6A4BD /* AppDelegate.swift in Sources */ = {isa = PBXBuildFile; fileRef = BD87175D1BD724DB00A6A4BD /* AppDelegate.swift */; };
		BD8717601BD724DB00A6A4BD /* ViewController.swift in Sources */ = {isa = PBXBuildFile; fileRef = BD87175F1BD724DB00A6A4BD /* ViewController.swift */; };
		BD8717631BD724DB00A6A4BD /* Main.storyboard in Resources */ = {isa = PBXBuildFile; fileRef = BD8717611BD724DB00A6A4BD /* Main.storyboard */; };
		BD8717651BD724DB00A6A4BD /* Assets.xcassets in Resources */ = {isa = PBXBuildFile; fileRef = BD8717641BD724DB00A6A4BD /* Assets.xcassets */; };
		BD8717681BD724DB00A6A4BD /* LaunchScreen.storyboard in Resources */ = {isa = PBXBuildFile; fileRef = BD8717661BD724DB00A6A4BD /* LaunchScreen.storyboard */; };
		BD8717701BD881E000A6A4BD /* Knob.swift in Sources */ = {isa = PBXBuildFile; fileRef = BD87176F1BD881E000A6A4BD /* Knob.swift */; };
		BD8717721BD881E900A6A4BD /* KnobLayer.swift in Sources */ = {isa = PBXBuildFile; fileRef = BD8717711BD881E900A6A4BD /* KnobLayer.swift */; };
		BD87177A1BD8AB4900A6A4BD /* knob1.png in Resources */ = {isa = PBXBuildFile; fileRef = BD8717771BD8AB4900A6A4BD /* knob1.png */; };
		BD87177B1BD8AB4900A6A4BD /* knob2.png in Resources */ = {isa = PBXBuildFile; fileRef = BD8717781BD8AB4900A6A4BD /* knob2.png */; };
		BD87177C1BD8AB4900A6A4BD /* knob3.png in Resources */ = {isa = PBXBuildFile; fileRef = BD8717791BD8AB4900A6A4BD /* knob3.png */; };
		BDB1FBDE1BD9B38F001B05E8 /* Impact Label.ttf in Resources */ = {isa = PBXBuildFile; fileRef = BDB1FBDD1BD9B38F001B05E8 /* Impact Label.ttf */; };
/* End PBXBuildFile section */

/* Begin PBXFileReference section */
		BD87175A1BD724DB00A6A4BD /* FunctionGenerator.app */ = {isa = PBXFileReference; explicitFileType = wrapper.application; includeInIndex = 0; path = FunctionGenerator.app; sourceTree = BUILT_PRODUCTS_DIR; };
		BD87175D1BD724DB00A6A4BD /* AppDelegate.swift */ = {isa = PBXFileReference; lastKnownFileType = sourcecode.swift; path = AppDelegate.swift; sourceTree = "<group>"; };
		BD87175F1BD724DB00A6A4BD /* ViewController.swift */ = {isa = PBXFileReference; lastKnownFileType = sourcecode.swift; path = ViewController.swift; sourceTree = "<group>"; };
		BD8717621BD724DB00A6A4BD /* Base */ = {isa = PBXFileReference; lastKnownFileType = file.storyboard; name = Base; path = Base.lproj/Main.storyboard; sourceTree = "<group>"; };
		BD8717641BD724DB00A6A4BD /* Assets.xcassets */ = {isa = PBXFileReference; lastKnownFileType = folder.assetcatalog; path = Assets.xcassets; sourceTree = "<group>"; };
		BD8717671BD724DB00A6A4BD /* Base */ = {isa = PBXFileReference; lastKnownFileType = file.storyboard; name = Base; path = Base.lproj/LaunchScreen.storyboard; sourceTree = "<group>"; };
		BD8717691BD724DB00A6A4BD /* Info.plist */ = {isa = PBXFileReference; lastKnownFileType = text.plist.xml; path = Info.plist; sourceTree = "<group>"; };
		BD87176F1BD881E000A6A4BD /* Knob.swift */ = {isa = PBXFileReference; fileEncoding = 4; lastKnownFileType = sourcecode.swift; path = Knob.swift; sourceTree = "<group>"; };
		BD8717711BD881E900A6A4BD /* KnobLayer.swift */ = {isa = PBXFileReference; fileEncoding = 4; lastKnownFileType = sourcecode.swift; path = KnobLayer.swift; sourceTree = "<group>"; };
		BD8717771BD8AB4900A6A4BD /* knob1.png */ = {isa = PBXFileReference; lastKnownFileType = image.png; path = knob1.png; sourceTree = "<group>"; };
		BD8717781BD8AB4900A6A4BD /* knob2.png */ = {isa = PBXFileReference; lastKnownFileType = image.png; path = knob2.png; sourceTree = "<group>"; };
		BD8717791BD8AB4900A6A4BD /* knob3.png */ = {isa = PBXFileReference; lastKnownFileType = image.png; path = knob3.png; sourceTree = "<group>"; };
		BDB1FBDD1BD9B38F001B05E8 /* Impact Label.ttf */ = {isa = PBXFileReference; lastKnownFileType = file; path = "Impact Label.ttf"; sourceTree = "<group>"; };
		BDB1FBE71BD9BC03001B05E8 /* Impact Label Licence.txt */ = {isa = PBXFileReference; lastKnownFileType = text; path = "Impact Label Licence.txt"; sourceTree = "<group>"; };
/* End PBXFileReference section */

/* Begin PBXFrameworksBuildPhase section */
		BD8717571BD724DB00A6A4BD /* Frameworks */ = {
			isa = PBXFrameworksBuildPhase;
			buildActionMask = 2147483647;
			files = (
			);
			runOnlyForDeploymentPostprocessing = 0;
		};
/* End PBXFrameworksBuildPhase section */

/* Begin PBXGroup section */
		BD8717511BD724DB00A6A4BD = {
			isa = PBXGroup;
			children = (
				BDB1FBE71BD9BC03001B05E8 /* Impact Label Licence.txt */,
				BD87175C1BD724DB00A6A4BD /* FunctionGenerator */,
				BD87175B1BD724DB00A6A4BD /* Products */,
			);
			sourceTree = "<group>";
		};
		BD87175B1BD724DB00A6A4BD /* Products */ = {
			isa = PBXGroup;
			children = (
				BD87175A1BD724DB00A6A4BD /* FunctionGenerator.app */,
			);
			name = Products;
			sourceTree = "<group>";
		};
		BD87175C1BD724DB00A6A4BD /* FunctionGenerator */ = {
			isa = PBXGroup;
			children = (
				BD87175D1BD724DB00A6A4BD /* AppDelegate.swift */,
				BD87175F1BD724DB00A6A4BD /* ViewController.swift */,
				BD87176F1BD881E000A6A4BD /* Knob.swift */,
				BD8717711BD881E900A6A4BD /* KnobLayer.swift */,
				BDB1FBDD1BD9B38F001B05E8 /* Impact Label.ttf */,
				BD8717771BD8AB4900A6A4BD /* knob1.png */,
				BD8717781BD8AB4900A6A4BD /* knob2.png */,
				BD8717791BD8AB4900A6A4BD /* knob3.png */,
				BD8717611BD724DB00A6A4BD /* Main.storyboard */,
				BD8717641BD724DB00A6A4BD /* Assets.xcassets */,
				BD8717661BD724DB00A6A4BD /* LaunchScreen.storyboard */,
				BD8717691BD724DB00A6A4BD /* Info.plist */,
			);
			path = FunctionGenerator;
			sourceTree = "<group>";
		};
/* End PBXGroup section */

/* Begin PBXNativeTarget section */
		BD8717591BD724DB00A6A4BD /* FunctionGenerator */ = {
			isa = PBXNativeTarget;
			buildConfigurationList = BD87176C1BD724DB00A6A4BD /* Build configuration list for PBXNativeTarget "FunctionGenerator" */;
			buildPhases = (
				BD8717561BD724DB00A6A4BD /* Sources */,
				BD8717571BD724DB00A6A4BD /* Frameworks */,
				BD8717581BD724DB00A6A4BD /* Resources */,
			);
			buildRules = (
			);
			dependencies = (
			);
			name = FunctionGenerator;
			productName = FunctionGenerator;
			productReference = BD87175A1BD724DB00A6A4BD /* FunctionGenerator.app */;
			productType = "com.apple.product-type.application";
		};
/* End PBXNativeTarget section */

/* Begin PBXProject section */
		BD8717521BD724DB00A6A4BD /* Project object */ = {
			isa = PBXProject;
			attributes = {
				LastSwiftUpdateCheck = 0710;
				LastUpgradeCheck = 0710;
				ORGANIZATIONNAME = "Dan Piponi";
				TargetAttributes = {
					BD8717591BD724DB00A6A4BD = {
						CreatedOnToolsVersion = 7.1;
					};
				};
			};
			buildConfigurationList = BD8717551BD724DB00A6A4BD /* Build configuration list for PBXProject "FunctionGenerator" */;
			compatibilityVersion = "Xcode 3.2";
			developmentRegion = English;
			hasScannedForEncodings = 0;
			knownRegions = (
				en,
				Base,
			);
			mainGroup = BD8717511BD724DB00A6A4BD;
			productRefGroup = BD87175B1BD724DB00A6A4BD /* Products */;
			projectDirPath = "";
			projectRoot = "";
			targets = (
				BD8717591BD724DB00A6A4BD /* FunctionGenerator */,
			);
		};
/* End PBXProject section */

/* Begin PBXResourcesBuildPhase section */
		BD8717581BD724DB00A6A4BD /* Resources */ = {
			isa = PBXResourcesBuildPhase;
			buildActionMask = 2147483647;
			files = (
				BD8717681BD724DB00A6A4BD /* LaunchScreen.storyboard in Resources */,
				BD87177C1BD8AB4900A6A4BD /* knob3.png in Resources */,
				BD87177A1BD8AB4900A6A4BD /* knob1.png in Resources */,
				BD87177B1BD8AB4900A6A4BD /* knob2.png in Resources */,
				BD8717651BD724DB00A6A4BD /* Assets.xcassets in Resources */,
				BD8717631BD724DB00A6A4BD /* Main.storyboard in Resources */,
				BDB1FBDE1BD9B38F001B05E8 /* Impact Label.ttf in Resources */,
			);
			runOnlyForDeploymentPostprocessing = 0;
		};
/* End PBXResourcesBuildPhase section */

/* Begin PBXSourcesBuildPhase section */
		BD8717561BD724DB00A6A4BD /* Sources */ = {
			isa = PBXSourcesBuildPhase;
			buildActionMask = 2147483647;
			files = (
				BD8717601BD724DB00A6A4BD /* ViewController.swift in Sources */,
				BD8717721BD881E900A6A4BD /* KnobLayer.swift in Sources */,
				BD8717701BD881E000A6A4BD /* Knob.swift in Sources */,
				BD87175E1BD724DB00A6A4BD /* AppDelegate.swift in Sources */,
			);
			runOnlyForDeploymentPostprocessing = 0;
		};
/* End PBXSourcesBuildPhase section */

/* Begin PBXVariantGroup section */
		BD8717611BD724DB00A6A4BD /* Main.storyboard */ = {
			isa = PBXVariantGroup;
			children = (
				BD8717621BD724DB00A6A4BD /* Base */,
			);
			name = Main.storyboard;
			sourceTree = "<group>";
		};
		BD8717661BD724DB00A6A4BD /* LaunchScreen.storyboard */ = {
			isa = PBXVariantGroup;
			children = (
				BD8717671BD724DB00A6A4BD /* Base */,
			);
			name = LaunchScreen.storyboard;
			sourceTree = "<group>";
		};
/* End PBXVariantGroup section */

/* Begin XCBuildConfiguration section */
		BD87176A1BD724DB00A6A4BD /* Debug */ = {
			isa = XCBuildConfiguration;
			buildSettings = {
				ALWAYS_SEARCH_USER_PATHS = NO;
				CLANG_CXX_LANGUAGE_STANDARD = "gnu++0x";
				CLANG_CXX_LIBRARY = "libc++";
				CLANG_ENABLE_MODULES = YES;
				CLANG_ENABLE_OBJC_ARC = YES;
				CLANG_WARN_BOOL_CONVERSION = YES;
				CLANG_WARN_CONSTANT_CONVERSION = YES;
				CLANG_WARN_DIRECT_OBJC_ISA_USAGE = YES_ERROR;
				CLANG_WARN_EMPTY_BODY = YES;
				CLANG_WARN_ENUM_CONVERSION = YES;
				CLANG_WARN_INT_CONVERSION = YES;
				CLANG_WARN_OBJC_ROOT_CLASS = YES_ERROR;
				CLANG_WARN_UNREACHABLE_CODE = YES;
				CLANG_WARN__DUPLICATE_METHOD_MATCH = YES;
				"CODE_SIGN_IDENTITY[sdk=iphoneos*]" = "iPhone Developer";
				COPY_PHASE_STRIP = NO;
				DEBUG_INFORMATION_FORMAT = dwarf;
				ENABLE_STRICT_OBJC_MSGSEND = YES;
				ENABLE_TESTABILITY = YES;
				GCC_C_LANGUAGE_STANDARD = gnu99;
				GCC_DYNAMIC_NO_PIC = NO;
				GCC_NO_COMMON_BLOCKS = YES;
				GCC_OPTIMIZATION_LEVEL = 0;
				GCC_PREPROCESSOR_DEFINITIONS = (
					"DEBUG=1",
					"$(inherited)",
				);
				GCC_WARN_64_TO_32_BIT_CONVERSION = YES;
				GCC_WARN_ABOUT_RETURN_TYPE = YES_ERROR;
				GCC_WARN_UNDECLARED_SELECTOR = YES;
				GCC_WARN_UNINITIALIZED_AUTOS = YES_AGGRESSIVE;
				GCC_WARN_UNUSED_FUNCTION = YES;
				GCC_WARN_UNUSED_VARIABLE = YES;
				IPHONEOS_DEPLOYMENT_TARGET = 9.1;
				MTL_ENABLE_DEBUG_INFO = YES;
				ONLY_ACTIVE_ARCH = YES;
				SDKROOT = iphoneos;
				SWIFT_OPTIMIZATION_LEVEL = "-Onone";
				TARGETED_DEVICE_FAMILY = "1,2";
			};
			name = Debug;
		};
		BD87176B1BD724DB00A6A4BD /* Release */ = {
			isa = XCBuildConfiguration;
			buildSettings = {
				ALWAYS_SEARCH_USER_PATHS = NO;
				CLANG_CXX_LANGUAGE_STANDARD = "gnu++0x";
				CLANG_CXX_LIBRARY = "libc++";
				CLANG_ENABLE_MODULES = YES;
				CLANG_ENABLE_OBJC_ARC = YES;
				CLANG_WARN_BOOL_CONVERSION = YES;
				CLANG_WARN_CONSTANT_CONVERSION = YES;
				CLANG_WARN_DIRECT_OBJC_ISA_USAGE = YES_ERROR;
				CLANG_WARN_EMPTY_BODY = YES;
				CLANG_WARN_ENUM_CONVERSION = YES;
				CLANG_WARN_INT_CONVERSION = YES;
				CLANG_WARN_OBJC_ROOT_CLASS = YES_ERROR;
				CLANG_WARN_UNREACHABLE_CODE = YES;
				CLANG_WARN__DUPLICATE_METHOD_MATCH = YES;
				"CODE_SIGN_IDENTITY[sdk=iphoneos*]" = "iPhone Developer";
				COPY_PHASE_STRIP = NO;
				DEBUG_INFORMATION_FORMAT = "dwarf-with-dsym";
				ENABLE_NS_ASSERTIONS = NO;
				ENABLE_STRICT_OBJC_MSGSEND = YES;
				GCC_C_LANGUAGE_STANDARD = gnu99;
				GCC_NO_COMMON_BLOCKS = YES;
				GCC_WARN_64_TO_32_BIT_CONVERSION = YES;
				GCC_WARN_ABOUT_RETURN_TYPE = YES_ERROR;
				GCC_WARN_UNDECLARED_SELECTOR = YES;
				GCC_WARN_UNINITIALIZED_AUTOS = YES_AGGRESSIVE;
				GCC_WARN_UNUSED_FUNCTION = YES;
				GCC_WARN_UNUSED_VARIABLE = YES;
				IPHONEOS_DEPLOYMENT_TARGET = 9.1;
				MTL_ENABLE_DEBUG_INFO = NO;
				SDKROOT = iphoneos;
				TARGETED_DEVICE_FAMILY = "1,2";
				VALIDATE_PRODUCT = YES;
			};
			name = Release;
		};
		BD87176D1BD724DB00A6A4BD /* Debug */ = {
			isa = XCBuildConfiguration;
			buildSettings = {
				ASSETCATALOG_COMPILER_APPICON_NAME = AppIcon;
				INFOPLIST_FILE = FunctionGenerator/Info.plist;
				LD_RUNPATH_SEARCH_PATHS = "$(inherited) @executable_path/Frameworks";
				PRODUCT_BUNDLE_IDENTIFIER = com.sigfpe.FunctionGenerator;
				PRODUCT_NAME = "$(TARGET_NAME)";
			};
			name = Debug;
		};
		BD87176E1BD724DB00A6A4BD /* Release */ = {
			isa = XCBuildConfiguration;
			buildSettings = {
				ASSETCATALOG_COMPILER_APPICON_NAME = AppIcon;
				INFOPLIST_FILE = FunctionGenerator/Info.plist;
				LD_RUNPATH_SEARCH_PATHS = "$(inherited) @executable_path/Frameworks";
				PRODUCT_BUNDLE_IDENTIFIER = com.sigfpe.FunctionGenerator;
				PRODUCT_NAME = "$(TARGET_NAME)";
			};
			name = Release;
		};
/* End XCBuildConfiguration section */

/* Begin XCConfigurationList section */
		BD8717551BD724DB00A6A4BD /* Build configuration list for PBXProject "FunctionGenerator" */ = {
			isa = XCConfigurationList;
			buildConfigurations = (
				BD87176A1BD724DB00A6A4BD /* Debug */,
				BD87176B1BD724DB00A6A4BD /* Release */,
			);
			defaultConfigurationIsVisible = 0;
			defaultConfigurationName = Release;
		};
		BD87176C1BD724DB00A6A4BD /* Build configuration list for PBXNativeTarget "FunctionGenerator" */ = {
			isa = XCConfigurationList;
			buildConfigurations = (
				BD87176D1BD724DB00A6A4BD /* Debug */,
				BD87176E1BD724DB00A6A4BD /* Release */,
			);
			defaultConfigurationIsVisible = 0;
			defaultConfigurationName = Release;
		};
/* End XCConfigurationList section */
	};
	rootObject = BD8717521BD724DB00A6A4BD /* Project object */;
}
